
Microsoft Visual Studio Solution File, Format Version 12.00
# Visual Studio Version 16
VisualStudioVersion = 16.0.31005.135
MinimumVisualStudioVersion = 10.0.40219.1
Project("{9A19103F-16F7-4668-BE54-9A1E7A4F7556}") = "WorkWithLists", "WorkWithLists.csproj", "{3B522D9E-24F1-43FF-982B-3DB34D7D714E}"
EndProject
Project("{FAE04EC0-301F-11D3-BF4B-00C04F79EFBC}") = "TestForLists.test", "..\TestForLists.test\TestForLists.test.csproj", "{49E3BC8B-1D58-454C-A893-1153EE49BF82}"
EndProject
Global
	GlobalSection(SolutionConfigurationPlatforms) = preSolution
		Debug|Any CPU = Debug|Any CPU
		Release|Any CPU = Release|Any CPU
	EndGlobalSection
	GlobalSection(ProjectConfigurationPlatforms) = postSolution
		{3B522D9E-24F1-43FF-982B-3DB34D7D714E}.Debug|Any CPU.ActiveCfg = Debug|Any CPU
		{3B522D9E-24F1-43FF-982B-3DB34D7D714E}.Debug|Any CPU.Build.0 = Debug|Any CPU
		{3B522D9E-24F1-43FF-982B-3DB34D7D714E}.Release|Any CPU.ActiveCfg = Release|Any CPU
		{3B522D9E-24F1-43FF-982B-3DB34D7D714E}.Release|Any CPU.Build.0 = Release|Any CPU
		{49E3BC8B-1D58-454C-A893-1153EE49BF82}.Debug|Any CPU.ActiveCfg = Debug|Any CPU
		{49E3BC8B-1D58-454C-A893-1153EE49BF82}.Debug|Any CPU.Build.0 = Debug|Any CPU
		{49E3BC8B-1D58-454C-A893-1153EE49BF82}.Release|Any CPU.ActiveCfg = Release|Any CPU
		{49E3BC8B-1D58-454C-A893-1153EE49BF82}.Release|Any CPU.Build.0 = Release|Any CPU
	EndGlobalSection
	GlobalSection(SolutionProperties) = preSolution
		HideSolutionNode = FALSE
	EndGlobalSection
	GlobalSection(ExtensibilityGlobals) = postSolution
		SolutionGuid = {0560ED9A-60AB-45CD-8C00-3BFA52266D82}
	EndGlobalSection
EndGlobal
