
Microsoft Visual Studio Solution File, Format Version 12.00
# Visual Studio Version 16
VisualStudioVersion = 16.0.31005.135
MinimumVisualStudioVersion = 10.0.40219.1
Project("{9A19103F-16F7-4668-BE54-9A1E7A4F7556}") = "BTree", "BTree.csproj", "{0618D20C-AFD2-4A0C-B4A7-A077EA3B12D2}"
EndProject
Project("{9A19103F-16F7-4668-BE54-9A1E7A4F7556}") = "TestsForBTree.test", "..\TestsForBTree.test\TestsForBTree.test.csproj", "{5AD019E4-061C-4D91-9A8D-532FC6A10466}"
EndProject
Global
	GlobalSection(SolutionConfigurationPlatforms) = preSolution
		Debug|Any CPU = Debug|Any CPU
		Debug|x64 = Debug|x64
		Release|Any CPU = Release|Any CPU
		Release|x64 = Release|x64
	EndGlobalSection
	GlobalSection(ProjectConfigurationPlatforms) = postSolution
		{0618D20C-AFD2-4A0C-B4A7-A077EA3B12D2}.Debug|Any CPU.ActiveCfg = Debug|Any CPU
		{0618D20C-AFD2-4A0C-B4A7-A077EA3B12D2}.Debug|Any CPU.Build.0 = Debug|Any CPU
		{0618D20C-AFD2-4A0C-B4A7-A077EA3B12D2}.Debug|x64.ActiveCfg = Debug|Any CPU
		{0618D20C-AFD2-4A0C-B4A7-A077EA3B12D2}.Debug|x64.Build.0 = Debug|Any CPU
		{0618D20C-AFD2-4A0C-B4A7-A077EA3B12D2}.Release|Any CPU.ActiveCfg = Release|Any CPU
		{0618D20C-AFD2-4A0C-B4A7-A077EA3B12D2}.Release|Any CPU.Build.0 = Release|Any CPU
		{0618D20C-AFD2-4A0C-B4A7-A077EA3B12D2}.Release|x64.ActiveCfg = Release|Any CPU
		{0618D20C-AFD2-4A0C-B4A7-A077EA3B12D2}.Release|x64.Build.0 = Release|Any CPU
		{5AD019E4-061C-4D91-9A8D-532FC6A10466}.Debug|Any CPU.ActiveCfg = Debug|Any CPU
		{5AD019E4-061C-4D91-9A8D-532FC6A10466}.Debug|Any CPU.Build.0 = Debug|Any CPU
		{5AD019E4-061C-4D91-9A8D-532FC6A10466}.Debug|x64.ActiveCfg = Debug|Any CPU
		{5AD019E4-061C-4D91-9A8D-532FC6A10466}.Debug|x64.Build.0 = Debug|Any CPU
		{5AD019E4-061C-4D91-9A8D-532FC6A10466}.Release|Any CPU.ActiveCfg = Release|Any CPU
		{5AD019E4-061C-4D91-9A8D-532FC6A10466}.Release|Any CPU.Build.0 = Release|Any CPU
		{5AD019E4-061C-4D91-9A8D-532FC6A10466}.Release|x64.ActiveCfg = Release|Any CPU
		{5AD019E4-061C-4D91-9A8D-532FC6A10466}.Release|x64.Build.0 = Release|Any CPU
	EndGlobalSection
	GlobalSection(SolutionProperties) = preSolution
		HideSolutionNode = FALSE
	EndGlobalSection
	GlobalSection(ExtensibilityGlobals) = postSolution
		SolutionGuid = {1D0B6090-830B-4389-AB68-925DAFFE02DF}
	EndGlobalSection
EndGlobal
