
Microsoft Visual Studio Solution File, Format Version 12.00
# Visual Studio Version 16
VisualStudioVersion = 16.0.31005.135
MinimumVisualStudioVersion = 10.0.40219.1
Project("{FAE04EC0-301F-11D3-BF4B-00C04F79EFBC}") = "quadraticSorting", "quadraticSorting.csproj", "{73E8C996-0F2C-46EB-B461-A2F038E3D6C9}"
EndProject
Global
	GlobalSection(SolutionConfigurationPlatforms) = preSolution
		Debug|Any CPU = Debug|Any CPU
		Release|Any CPU = Release|Any CPU
	EndGlobalSection
	GlobalSection(ProjectConfigurationPlatforms) = postSolution
		{73E8C996-0F2C-46EB-B461-A2F038E3D6C9}.Debug|Any CPU.ActiveCfg = Debug|Any CPU
		{73E8C996-0F2C-46EB-B461-A2F038E3D6C9}.Debug|Any CPU.Build.0 = Debug|Any CPU
		{73E8C996-0F2C-46EB-B461-A2F038E3D6C9}.Release|Any CPU.ActiveCfg = Release|Any CPU
		{73E8C996-0F2C-46EB-B461-A2F038E3D6C9}.Release|Any CPU.Build.0 = Release|Any CPU
	EndGlobalSection
	GlobalSection(SolutionProperties) = preSolution
		HideSolutionNode = FALSE
	EndGlobalSection
	GlobalSection(ExtensibilityGlobals) = postSolution
		SolutionGuid = {F2FF7AA1-32FB-42E1-A4D3-70E76733F25F}
	EndGlobalSection
EndGlobal
