
Microsoft Visual Studio Solution File, Format Version 12.00
# Visual Studio Version 16
VisualStudioVersion = 16.0.31005.135
MinimumVisualStudioVersion = 10.0.40219.1
Project("{FAE04EC0-301F-11D3-BF4B-00C04F79EFBC}") = "ToolsForList", "ToolsForList.csproj", "{0C3F31BB-A334-49D8-B28F-2127E0854310}"
EndProject
Project("{FAE04EC0-301F-11D3-BF4B-00C04F79EFBC}") = "TestForToolsForList.test", "..\TestForToolsForList.test\TestForToolsForList.test.csproj", "{0C5E92F6-C308-4415-9DB4-B4E5E1833515}"
EndProject
Global
	GlobalSection(SolutionConfigurationPlatforms) = preSolution
		Debug|Any CPU = Debug|Any CPU
		Release|Any CPU = Release|Any CPU
	EndGlobalSection
	GlobalSection(ProjectConfigurationPlatforms) = postSolution
		{0C3F31BB-A334-49D8-B28F-2127E0854310}.Debug|Any CPU.ActiveCfg = Debug|Any CPU
		{0C3F31BB-A334-49D8-B28F-2127E0854310}.Debug|Any CPU.Build.0 = Debug|Any CPU
		{0C3F31BB-A334-49D8-B28F-2127E0854310}.Release|Any CPU.ActiveCfg = Release|Any CPU
		{0C3F31BB-A334-49D8-B28F-2127E0854310}.Release|Any CPU.Build.0 = Release|Any CPU
		{0C5E92F6-C308-4415-9DB4-B4E5E1833515}.Debug|Any CPU.ActiveCfg = Debug|Any CPU
		{0C5E92F6-C308-4415-9DB4-B4E5E1833515}.Debug|Any CPU.Build.0 = Debug|Any CPU
		{0C5E92F6-C308-4415-9DB4-B4E5E1833515}.Release|Any CPU.ActiveCfg = Release|Any CPU
		{0C5E92F6-C308-4415-9DB4-B4E5E1833515}.Release|Any CPU.Build.0 = Release|Any CPU
	EndGlobalSection
	GlobalSection(SolutionProperties) = preSolution
		HideSolutionNode = FALSE
	EndGlobalSection
	GlobalSection(ExtensibilityGlobals) = postSolution
		SolutionGuid = {2E86CFED-B62A-484B-9E9C-D9D8A16023D5}
	EndGlobalSection
EndGlobal
