
Microsoft Visual Studio Solution File, Format Version 12.00
# Visual Studio Version 16
VisualStudioVersion = 16.0.31005.135
MinimumVisualStudioVersion = 10.0.40219.1
Project("{FAE04EC0-301F-11D3-BF4B-00C04F79EFBC}") = "BubbleOnGeneric", "BubbleOnGeneric.csproj", "{40988CC9-F875-4FF2-93AA-CB166777E29A}"
EndProject
Project("{FAE04EC0-301F-11D3-BF4B-00C04F79EFBC}") = "TestForGenericBubbleSort", "..\TestForGenericBubbleSort\TestForGenericBubbleSort.csproj", "{644B0BBA-EC0C-4109-A8EA-021567063803}"
EndProject
Global
	GlobalSection(SolutionConfigurationPlatforms) = preSolution
		Debug|Any CPU = Debug|Any CPU
		Release|Any CPU = Release|Any CPU
	EndGlobalSection
	GlobalSection(ProjectConfigurationPlatforms) = postSolution
		{40988CC9-F875-4FF2-93AA-CB166777E29A}.Debug|Any CPU.ActiveCfg = Debug|Any CPU
		{40988CC9-F875-4FF2-93AA-CB166777E29A}.Debug|Any CPU.Build.0 = Debug|Any CPU
		{40988CC9-F875-4FF2-93AA-CB166777E29A}.Release|Any CPU.ActiveCfg = Release|Any CPU
		{40988CC9-F875-4FF2-93AA-CB166777E29A}.Release|Any CPU.Build.0 = Release|Any CPU
		{644B0BBA-EC0C-4109-A8EA-021567063803}.Debug|Any CPU.ActiveCfg = Debug|Any CPU
		{644B0BBA-EC0C-4109-A8EA-021567063803}.Debug|Any CPU.Build.0 = Debug|Any CPU
		{644B0BBA-EC0C-4109-A8EA-021567063803}.Release|Any CPU.ActiveCfg = Release|Any CPU
		{644B0BBA-EC0C-4109-A8EA-021567063803}.Release|Any CPU.Build.0 = Release|Any CPU
	EndGlobalSection
	GlobalSection(SolutionProperties) = preSolution
		HideSolutionNode = FALSE
	EndGlobalSection
	GlobalSection(ExtensibilityGlobals) = postSolution
		SolutionGuid = {CFCD7C37-6A62-4770-BEC7-257740BBA1C2}
	EndGlobalSection
EndGlobal
