
Microsoft Visual Studio Solution File, Format Version 12.00
# Visual Studio Version 16
VisualStudioVersion = 16.0.31005.135
MinimumVisualStudioVersion = 10.0.40219.1
Project("{9A19103F-16F7-4668-BE54-9A1E7A4F7556}") = "CalculatorBasedOnStack", "CalculatorBasedOnStack.csproj", "{A64BC8F8-DF4D-436E-AE75-4F5D23D661C6}"
EndProject
Project("{FAE04EC0-301F-11D3-BF4B-00C04F79EFBC}") = "StackCalculatorTests.test", "..\StackCalculatorTests.test\StackCalculatorTests.test.csproj", "{508694A9-9941-461B-9677-55E0B7098CAD}"
EndProject
Global
	GlobalSection(SolutionConfigurationPlatforms) = preSolution
		Debug|Any CPU = Debug|Any CPU
		Release|Any CPU = Release|Any CPU
	EndGlobalSection
	GlobalSection(ProjectConfigurationPlatforms) = postSolution
		{A64BC8F8-DF4D-436E-AE75-4F5D23D661C6}.Debug|Any CPU.ActiveCfg = Debug|Any CPU
		{A64BC8F8-DF4D-436E-AE75-4F5D23D661C6}.Debug|Any CPU.Build.0 = Debug|Any CPU
		{A64BC8F8-DF4D-436E-AE75-4F5D23D661C6}.Release|Any CPU.ActiveCfg = Release|Any CPU
		{A64BC8F8-DF4D-436E-AE75-4F5D23D661C6}.Release|Any CPU.Build.0 = Release|Any CPU
		{508694A9-9941-461B-9677-55E0B7098CAD}.Debug|Any CPU.ActiveCfg = Debug|Any CPU
		{508694A9-9941-461B-9677-55E0B7098CAD}.Debug|Any CPU.Build.0 = Debug|Any CPU
		{508694A9-9941-461B-9677-55E0B7098CAD}.Release|Any CPU.ActiveCfg = Release|Any CPU
		{508694A9-9941-461B-9677-55E0B7098CAD}.Release|Any CPU.Build.0 = Release|Any CPU
	EndGlobalSection
	GlobalSection(SolutionProperties) = preSolution
		HideSolutionNode = FALSE
	EndGlobalSection
	GlobalSection(ExtensibilityGlobals) = postSolution
		SolutionGuid = {EC226676-F538-4307-B9D7-4BABA502115E}
	EndGlobalSection
EndGlobal
